// !$*UTF8*$!
{
	archiveVersion = 1;
	classes = {
	};
	objectVersion = 63;
	objects = {

/* Begin PBXBuildFile section */
		55653BD12C1A23F400814819 /* ProjectSwUIApp.swift in Sources */ = {isa = PBXBuildFile; fileRef = 55653BD02C1A23F400814819 /* ProjectSwUIApp.swift */; };
		55653BD32C1A23F400814819 /* ContentView.swift in Sources */ = {isa = PBXBuildFile; fileRef = 55653BD22C1A23F400814819 /* ContentView.swift */; };
		55653BD52C1A23F800814819 /* Assets.xcassets in Resources */ = {isa = PBXBuildFile; fileRef = 55653BD42C1A23F800814819 /* Assets.xcassets */; };
		55653BD82C1A23F800814819 /* Preview Assets.xcassets in Resources */ = {isa = PBXBuildFile; fileRef = 55653BD72C1A23F800814819 /* Preview Assets.xcassets */; };
		55653BDF2C1A245200814819 /* Post.swift in Sources */ = {isa = PBXBuildFile; fileRef = 55653BDE2C1A245200814819 /* Post.swift */; };
		556609712C51296B003C0EA6 /* InfoRow.swift in Sources */ = {isa = PBXBuildFile; fileRef = 556609702C51296B003C0EA6 /* InfoRow.swift */; };
		556609732C512C6D003C0EA6 /* HelloView.swift in Sources */ = {isa = PBXBuildFile; fileRef = 556609722C512C6D003C0EA6 /* HelloView.swift */; };
		556609752C512C98003C0EA6 /* SettingsView.swift in Sources */ = {isa = PBXBuildFile; fileRef = 556609742C512C98003C0EA6 /* SettingsView.swift */; };
		559559332C43197300E49426 /* InfoView.swift in Sources */ = {isa = PBXBuildFile; fileRef = 559559322C43197200E49426 /* InfoView.swift */; };
		559559352C4F9C2700E49426 /* InfoDetails.swift in Sources */ = {isa = PBXBuildFile; fileRef = 559559342C4F9C2700E49426 /* InfoDetails.swift */; };
/* End PBXBuildFile section */

/* Begin PBXFileReference section */
		55653BCD2C1A23F400814819 /* ProjectSwUI.app */ = {isa = PBXFileReference; explicitFileType = wrapper.application; includeInIndex = 0; path = ProjectSwUI.app; sourceTree = BUILT_PRODUCTS_DIR; };
		55653BD02C1A23F400814819 /* ProjectSwUIApp.swift */ = {isa = PBXFileReference; lastKnownFileType = sourcecode.swift; path = ProjectSwUIApp.swift; sourceTree = "<group>"; };
		55653BD22C1A23F400814819 /* ContentView.swift */ = {isa = PBXFileReference; lastKnownFileType = sourcecode.swift; path = ContentView.swift; sourceTree = "<group>"; };
		55653BD42C1A23F800814819 /* Assets.xcassets */ = {isa = PBXFileReference; lastKnownFileType = folder.assetcatalog; path = Assets.xcassets; sourceTree = "<group>"; };
		55653BD72C1A23F800814819 /* Preview Assets.xcassets */ = {isa = PBXFileReference; lastKnownFileType = folder.assetcatalog; path = "Preview Assets.xcassets"; sourceTree = "<group>"; };
		55653BDE2C1A245200814819 /* Post.swift */ = {isa = PBXFileReference; lastKnownFileType = sourcecode.swift; path = Post.swift; sourceTree = "<group>"; };
		556609702C51296B003C0EA6 /* InfoRow.swift */ = {isa = PBXFileReference; lastKnownFileType = sourcecode.swift; path = InfoRow.swift; sourceTree = "<group>"; };
		556609722C512C6D003C0EA6 /* HelloView.swift */ = {isa = PBXFileReference; lastKnownFileType = sourcecode.swift; path = HelloView.swift; sourceTree = "<group>"; };
		556609742C512C98003C0EA6 /* SettingsView.swift */ = {isa = PBXFileReference; lastKnownFileType = sourcecode.swift; path = SettingsView.swift; sourceTree = "<group>"; };
		559559322C43197200E49426 /* InfoView.swift */ = {isa = PBXFileReference; lastKnownFileType = sourcecode.swift; path = InfoView.swift; sourceTree = "<group>"; };
		559559342C4F9C2700E49426 /* InfoDetails.swift */ = {isa = PBXFileReference; lastKnownFileType = sourcecode.swift; path = InfoDetails.swift; sourceTree = "<group>"; };
/* End PBXFileReference section */

/* Begin PBXFrameworksBuildPhase section */
		55653BCA2C1A23F400814819 /* Frameworks */ = {
			isa = PBXFrameworksBuildPhase;
			buildActionMask = 2147483647;
			files = (
			);
			runOnlyForDeploymentPostprocessing = 0;
		};
/* End PBXFrameworksBuildPhase section */

/* Begin PBXGroup section */
		55653BC42C1A23F400814819 = {
			isa = PBXGroup;
			children = (
				55653BCF2C1A23F400814819 /* ProjectSwUI */,
				55653BCE2C1A23F400814819 /* Products */,
			);
			sourceTree = "<group>";
		};
		55653BCE2C1A23F400814819 /* Products */ = {
			isa = PBXGroup;
			children = (
				55653BCD2C1A23F400814819 /* ProjectSwUI.app */,
			);
			name = Products;
			sourceTree = "<group>";
		};
		55653BCF2C1A23F400814819 /* ProjectSwUI */ = {
			isa = PBXGroup;
			children = (
				55653BD02C1A23F400814819 /* ProjectSwUIApp.swift */,
				55653BD22C1A23F400814819 /* ContentView.swift */,
				556609742C512C98003C0EA6 /* SettingsView.swift */,
				556609722C512C6D003C0EA6 /* HelloView.swift */,
				556609702C51296B003C0EA6 /* InfoRow.swift */,
				559559342C4F9C2700E49426 /* InfoDetails.swift */,
				559559322C43197200E49426 /* InfoView.swift */,
				55653BDE2C1A245200814819 /* Post.swift */,
				55653BD42C1A23F800814819 /* Assets.xcassets */,
				55653BD62C1A23F800814819 /* Preview Content */,
			);
			path = ProjectSwUI;
			sourceTree = "<group>";
		};
		55653BD62C1A23F800814819 /* Preview Content */ = {
			isa = PBXGroup;
			children = (
				55653BD72C1A23F800814819 /* Preview Assets.xcassets */,
			);
			path = "Preview Content";
			sourceTree = "<group>";
		};
/* End PBXGroup section */

/* Begin PBXNativeTarget section */
		55653BCC2C1A23F400814819 /* ProjectSwUI */ = {
			isa = PBXNativeTarget;
			buildConfigurationList = 55653BDB2C1A23F800814819 /* Build configuration list for PBXNativeTarget "ProjectSwUI" */;
			buildPhases = (
				55653BC92C1A23F400814819 /* Sources */,
				55653BCA2C1A23F400814819 /* Frameworks */,
				55653BCB2C1A23F400814819 /* Resources */,
			);
			buildRules = (
			);
			dependencies = (
			);
			name = ProjectSwUI;
			productName = ProjectSwUI;
			productReference = 55653BCD2C1A23F400814819 /* ProjectSwUI.app */;
			productType = "com.apple.product-type.application";
		};
/* End PBXNativeTarget section */

/* Begin PBXProject section */
		55653BC52C1A23F400814819 /* Project object */ = {
			isa = PBXProject;
			attributes = {
				BuildIndependentTargetsInParallel = 1;
				LastSwiftUpdateCheck = 1400;
				LastUpgradeCheck = 1540;
				TargetAttributes = {
					55653BCC2C1A23F400814819 = {
						CreatedOnToolsVersion = 14.0;
					};
				};
			};
			buildConfigurationList = 55653BC82C1A23F400814819 /* Build configuration list for PBXProject "ProjectSwUI" */;
			compatibilityVersion = "Xcode 15.3";
			developmentRegion = en;
			hasScannedForEncodings = 0;
			knownRegions = (
				en,
				Base,
			);
			mainGroup = 55653BC42C1A23F400814819;
			productRefGroup = 55653BCE2C1A23F400814819 /* Products */;
			projectDirPath = "";
			projectRoot = "";
			targets = (
				55653BCC2C1A23F400814819 /* ProjectSwUI */,
			);
		};
/* End PBXProject section */

/* Begin PBXResourcesBuildPhase section */
		55653BCB2C1A23F400814819 /* Resources */ = {
			isa = PBXResourcesBuildPhase;
			buildActionMask = 2147483647;
			files = (
				55653BD82C1A23F800814819 /* Preview Assets.xcassets in Resources */,
				55653BD52C1A23F800814819 /* Assets.xcassets in Resources */,
			);
			runOnlyForDeploymentPostprocessing = 0;
		};
/* End PBXResourcesBuildPhase section */

/* Begin PBXSourcesBuildPhase section */
		55653BC92C1A23F400814819 /* Sources */ = {
			isa = PBXSourcesBuildPhase;
			buildActionMask = 2147483647;
			files = (
				559559332C43197300E49426 /* InfoView.swift in Sources */,
				556609752C512C98003C0EA6 /* SettingsView.swift in Sources */,
				55653BDF2C1A245200814819 /* Post.swift in Sources */,
				556609712C51296B003C0EA6 /* InfoRow.swift in Sources */,
				559559352C4F9C2700E49426 /* InfoDetails.swift in Sources */,
				55653BD32C1A23F400814819 /* ContentView.swift in Sources */,
				556609732C512C6D003C0EA6 /* HelloView.swift in Sources */,
				55653BD12C1A23F400814819 /* ProjectSwUIApp.swift in Sources */,
			);
			runOnlyForDeploymentPostprocessing = 0;
		};
/* End PBXSourcesBuildPhase section */

/* Begin XCBuildConfiguration section */
		55653BD92C1A23F800814819 /* Debug */ = {
			isa = XCBuildConfiguration;
			buildSettings = {
				ALWAYS_SEARCH_USER_PATHS = NO;
				CLANG_ANALYZER_NONNULL = YES;
				CLANG_ANALYZER_NUMBER_OBJECT_CONVERSION = YES_AGGRESSIVE;
				CLANG_CXX_LANGUAGE_STANDARD = "gnu++20";
				CLANG_ENABLE_MODULES = YES;
				CLANG_ENABLE_OBJC_ARC = YES;
				CLANG_ENABLE_OBJC_WEAK = YES;
				CLANG_WARN_BLOCK_CAPTURE_AUTORELEASING = YES;
				CLANG_WARN_BOOL_CONVERSION = YES;
				CLANG_WARN_COMMA = YES;
				CLANG_WARN_CONSTANT_CONVERSION = YES;
				CLANG_WARN_DEPRECATED_OBJC_IMPLEMENTATIONS = YES;
				CLANG_WARN_DIRECT_OBJC_ISA_USAGE = YES_ERROR;
				CLANG_WARN_DOCUMENTATION_COMMENTS = YES;
				CLANG_WARN_EMPTY_BODY = YES;
				CLANG_WARN_ENUM_CONVERSION = YES;
				CLANG_WARN_INFINITE_RECURSION = YES;
				CLANG_WARN_INT_CONVERSION = YES;
				CLANG_WARN_NON_LITERAL_NULL_CONVERSION = YES;
				CLANG_WARN_OBJC_IMPLICIT_RETAIN_SELF = YES;
				CLANG_WARN_OBJC_LITERAL_CONVERSION = YES;
				CLANG_WARN_OBJC_ROOT_CLASS = YES_ERROR;
				CLANG_WARN_QUOTED_INCLUDE_IN_FRAMEWORK_HEADER = YES;
				CLANG_WARN_RANGE_LOOP_ANALYSIS = YES;
				CLANG_WARN_STRICT_PROTOTYPES = YES;
				CLANG_WARN_SUSPICIOUS_MOVE = YES;
				CLANG_WARN_UNGUARDED_AVAILABILITY = YES_AGGRESSIVE;
				CLANG_WARN_UNREACHABLE_CODE = YES;
				CLANG_WARN__DUPLICATE_METHOD_MATCH = YES;
				COPY_PHASE_STRIP = NO;
				DEBUG_INFORMATION_FORMAT = dwarf;
				ENABLE_STRICT_OBJC_MSGSEND = YES;
				ENABLE_TESTABILITY = YES;
				ENABLE_USER_SCRIPT_SANDBOXING = YES;
				GCC_C_LANGUAGE_STANDARD = gnu11;
				GCC_DYNAMIC_NO_PIC = NO;
				GCC_NO_COMMON_BLOCKS = YES;
				GCC_OPTIMIZATION_LEVEL = 0;
				GCC_PREPROCESSOR_DEFINITIONS = (
					"DEBUG=1",
					"$(inherited)",
				);
				GCC_WARN_64_TO_32_BIT_CONVERSION = YES;
				GCC_WARN_ABOUT_RETURN_TYPE = YES_ERROR;
				GCC_WARN_UNDECLARED_SELECTOR = YES;
				GCC_WARN_UNINITIALIZED_AUTOS = YES_AGGRESSIVE;
				GCC_WARN_UNUSED_FUNCTION = YES;
				GCC_WARN_UNUSED_VARIABLE = YES;
				IPHONEOS_DEPLOYMENT_TARGET = 17.0;
				MTL_ENABLE_DEBUG_INFO = INCLUDE_SOURCE;
				MTL_FAST_MATH = YES;
				ONLY_ACTIVE_ARCH = YES;
				SDKROOT = iphoneos;
				SWIFT_ACTIVE_COMPILATION_CONDITIONS = DEBUG;
				SWIFT_OPTIMIZATION_LEVEL = "-Onone";
			};
			name = Debug;
		};
		55653BDA2C1A23F800814819 /* Release */ = {
			isa = XCBuildConfiguration;
			buildSettings = {
				ALWAYS_SEARCH_USER_PATHS = NO;
				CLANG_ANALYZER_NONNULL = YES;
				CLANG_ANALYZER_NUMBER_OBJECT_CONVERSION = YES_AGGRESSIVE;
				CLANG_CXX_LANGUAGE_STANDARD = "gnu++20";
				CLANG_ENABLE_MODULES = YES;
				CLANG_ENABLE_OBJC_ARC = YES;
				CLANG_ENABLE_OBJC_WEAK = YES;
				CLANG_WARN_BLOCK_CAPTURE_AUTORELEASING = YES;
				CLANG_WARN_BOOL_CONVERSION = YES;
				CLANG_WARN_COMMA = YES;
				CLANG_WARN_CONSTANT_CONVERSION = YES;
				CLANG_WARN_DEPRECATED_OBJC_IMPLEMENTATIONS = YES;
				CLANG_WARN_DIRECT_OBJC_ISA_USAGE = YES_ERROR;
				CLANG_WARN_DOCUMENTATION_COMMENTS = YES;
				CLANG_WARN_EMPTY_BODY = YES;
				CLANG_WARN_ENUM_CONVERSION = YES;
				CLANG_WARN_INFINITE_RECURSION = YES;
				CLANG_WARN_INT_CONVERSION = YES;
				CLANG_WARN_NON_LITERAL_NULL_CONVERSION = YES;
				CLANG_WARN_OBJC_IMPLICIT_RETAIN_SELF = YES;
				CLANG_WARN_OBJC_LITERAL_CONVERSION = YES;
				CLANG_WARN_OBJC_ROOT_CLASS = YES_ERROR;
				CLANG_WARN_QUOTED_INCLUDE_IN_FRAMEWORK_HEADER = YES;
				CLANG_WARN_RANGE_LOOP_ANALYSIS = YES;
				CLANG_WARN_STRICT_PROTOTYPES = YES;
				CLANG_WARN_SUSPICIOUS_MOVE = YES;
				CLANG_WARN_UNGUARDED_AVAILABILITY = YES_AGGRESSIVE;
				CLANG_WARN_UNREACHABLE_CODE = YES;
				CLANG_WARN__DUPLICATE_METHOD_MATCH = YES;
				COPY_PHASE_STRIP = NO;
				DEBUG_INFORMATION_FORMAT = "dwarf-with-dsym";
				ENABLE_NS_ASSERTIONS = NO;
				ENABLE_STRICT_OBJC_MSGSEND = YES;
				ENABLE_USER_SCRIPT_SANDBOXING = YES;
				GCC_C_LANGUAGE_STANDARD = gnu11;
				GCC_NO_COMMON_BLOCKS = YES;
				GCC_WARN_64_TO_32_BIT_CONVERSION = YES;
				GCC_WARN_ABOUT_RETURN_TYPE = YES_ERROR;
				GCC_WARN_UNDECLARED_SELECTOR = YES;
				GCC_WARN_UNINITIALIZED_AUTOS = YES_AGGRESSIVE;
				GCC_WARN_UNUSED_FUNCTION = YES;
				GCC_WARN_UNUSED_VARIABLE = YES;
				IPHONEOS_DEPLOYMENT_TARGET = 17.0;
				MTL_ENABLE_DEBUG_INFO = NO;
				MTL_FAST_MATH = YES;
				SDKROOT = iphoneos;
				SWIFT_COMPILATION_MODE = wholemodule;
				SWIFT_OPTIMIZATION_LEVEL = "-O";
				VALIDATE_PRODUCT = YES;
			};
			name = Release;
		};
		55653BDC2C1A23F800814819 /* Debug */ = {
			isa = XCBuildConfiguration;
			buildSettings = {
				ASSETCATALOG_COMPILER_APPICON_NAME = AppIcon;
				ASSETCATALOG_COMPILER_GLOBAL_ACCENT_COLOR_NAME = AccentColor;
				CODE_SIGN_STYLE = Automatic;
				CURRENT_PROJECT_VERSION = 1;
				DEVELOPMENT_ASSET_PATHS = "\"ProjectSwUI/Preview Content\"";
				DEVELOPMENT_TEAM = 3HQQ7A5J5W;
				ENABLE_PREVIEWS = YES;
				GENERATE_INFOPLIST_FILE = YES;
				INFOPLIST_KEY_UIApplicationSceneManifest_Generation = YES;
				INFOPLIST_KEY_UIApplicationSupportsIndirectInputEvents = YES;
				INFOPLIST_KEY_UILaunchScreen_Generation = YES;
				INFOPLIST_KEY_UISupportedInterfaceOrientations_iPad = "UIInterfaceOrientationPortrait UIInterfaceOrientationPortraitUpsideDown UIInterfaceOrientationLandscapeLeft UIInterfaceOrientationLandscapeRight";
				INFOPLIST_KEY_UISupportedInterfaceOrientations_iPhone = "UIInterfaceOrientationPortrait UIInterfaceOrientationLandscapeLeft UIInterfaceOrientationLandscapeRight";
				IPHONEOS_DEPLOYMENT_TARGET = 17.0;
				LD_RUNPATH_SEARCH_PATHS = (
					"$(inherited)",
					"@executable_path/Frameworks",
				);
				MARKETING_VERSION = 1.0;
				PRODUCT_BUNDLE_IDENTIFIER = com.Navigation.ProjectSwUI;
				PRODUCT_NAME = "$(TARGET_NAME)";
				SWIFT_EMIT_LOC_STRINGS = YES;
				SWIFT_VERSION = 5.0;
				TARGETED_DEVICE_FAMILY = "1,2";
			};
			name = Debug;
		};
		55653BDD2C1A23F800814819 /* Release */ = {
			isa = XCBuildConfiguration;
			buildSettings = {
				ASSETCATALOG_COMPILER_APPICON_NAME = AppIcon;
				ASSETCATALOG_COMPILER_GLOBAL_ACCENT_COLOR_NAME = AccentColor;
				CODE_SIGN_STYLE = Automatic;
				CURRENT_PROJECT_VERSION = 1;
				DEVELOPMENT_ASSET_PATHS = "\"ProjectSwUI/Preview Content\"";
				DEVELOPMENT_TEAM = 3HQQ7A5J5W;
				ENABLE_PREVIEWS = YES;
				GENERATE_INFOPLIST_FILE = YES;
				INFOPLIST_KEY_UIApplicationSceneManifest_Generation = YES;
				INFOPLIST_KEY_UIApplicationSupportsIndirectInputEvents = YES;
				INFOPLIST_KEY_UILaunchScreen_Generation = YES;
				INFOPLIST_KEY_UISupportedInterfaceOrientations_iPad = "UIInterfaceOrientationPortrait UIInterfaceOrientationPortraitUpsideDown UIInterfaceOrientationLandscapeLeft UIInterfaceOrientationLandscapeRight";
				INFOPLIST_KEY_UISupportedInterfaceOrientations_iPhone = "UIInterfaceOrientationPortrait UIInterfaceOrientationLandscapeLeft UIInterfaceOrientationLandscapeRight";
				IPHONEOS_DEPLOYMENT_TARGET = 17.0;
				LD_RUNPATH_SEARCH_PATHS = (
					"$(inherited)",
					"@executable_path/Frameworks",
				);
				MARKETING_VERSION = 1.0;
				PRODUCT_BUNDLE_IDENTIFIER = com.Navigation.ProjectSwUI;
				PRODUCT_NAME = "$(TARGET_NAME)";
				SWIFT_EMIT_LOC_STRINGS = YES;
				SWIFT_VERSION = 5.0;
				TARGETED_DEVICE_FAMILY = "1,2";
			};
			name = Release;
		};
/* End XCBuildConfiguration section */

/* Begin XCConfigurationList section */
		55653BC82C1A23F400814819 /* Build configuration list for PBXProject "ProjectSwUI" */ = {
			isa = XCConfigurationList;
			buildConfigurations = (
				55653BD92C1A23F800814819 /* Debug */,
				55653BDA2C1A23F800814819 /* Release */,
			);
			defaultConfigurationIsVisible = 0;
			defaultConfigurationName = Release;
		};
		55653BDB2C1A23F800814819 /* Build configuration list for PBXNativeTarget "ProjectSwUI" */ = {
			isa = XCConfigurationList;
			buildConfigurations = (
				55653BDC2C1A23F800814819 /* Debug */,
				55653BDD2C1A23F800814819 /* Release */,
			);
			defaultConfigurationIsVisible = 0;
			defaultConfigurationName = Release;
		};
/* End XCConfigurationList section */
	};
	rootObject = 55653BC52C1A23F400814819 /* Project object */;
}
